
Microsoft Visual Studio Solution File, Format Version 11.00
# Visual Studio 2010
Project("{FAE04EC0-301F-11D3-BF4B-00C04F79EFBC}") = "Carcassonne", "Carcassonne\Carcassonne.csproj", "{E03D363E-1A0A-4534-9355-BCC829AE218E}"
EndProject
Project("{FAE04EC0-301F-11D3-BF4B-00C04F79EFBC}") = "Carcassonne.Web", "Carcassonne.Web\Carcassonne.Web.csproj", "{36D2CD81-625E-4566-9B36-9BAFC4366B41}"
EndProject
Global
	GlobalSection(SolutionConfigurationPlatforms) = preSolution
		Debug|Any CPU = Debug|Any CPU
		Release|Any CPU = Release|Any CPU
	EndGlobalSection
	GlobalSection(ProjectConfigurationPlatforms) = postSolution
		{E03D363E-1A0A-4534-9355-BCC829AE218E}.Debug|Any CPU.ActiveCfg = Debug|Any CPU
		{E03D363E-1A0A-4534-9355-BCC829AE218E}.Debug|Any CPU.Build.0 = Debug|Any CPU
		{E03D363E-1A0A-4534-9355-BCC829AE218E}.Release|Any CPU.ActiveCfg = Release|Any CPU
		{E03D363E-1A0A-4534-9355-BCC829AE218E}.Release|Any CPU.Build.0 = Release|Any CPU
		{36D2CD81-625E-4566-9B36-9BAFC4366B41}.Debug|Any CPU.ActiveCfg = Debug|Any CPU
		{36D2CD81-625E-4566-9B36-9BAFC4366B41}.Debug|Any CPU.Build.0 = Debug|Any CPU
		{36D2CD81-625E-4566-9B36-9BAFC4366B41}.Release|Any CPU.ActiveCfg = Release|Any CPU
		{36D2CD81-625E-4566-9B36-9BAFC4366B41}.Release|Any CPU.Build.0 = Release|Any CPU
	EndGlobalSection
	GlobalSection(SolutionProperties) = preSolution
		HideSolutionNode = FALSE
	EndGlobalSection
EndGlobal
